Microsoft Visual Studio Solution File, Format Version 12.00
# Visual Studio Version 17
VisualStudioVersion = 17.0.31903.59
MinimumVisualStudioVersion = 10.0.40219.1
Project("{FAE04EC0-301F-11D3-BF4B-00C04F79EFBC}") = "task11", "task11\task11.csproj", "{1AF2A2D4-5A13-4A8D-9952-C76E7E2312D7}"
EndProject
Project("{FAE04EC0-301F-11D3-BF4B-00C04F79EFBC}") = "task11tests", "task11tests\task11tests.csproj", "{A374916A-B23C-44A1-942F-5B67A9A5A796}"
EndProject
Global
	GlobalSection(SolutionConfigurationPlatforms) = preSolution
		Debug|Any CPU = Debug|Any CPU
		Release|Any CPU = Release|Any CPU
	EndGlobalSection
	GlobalSection(SolutionProperties) = preSolution
		HideSolutionNode = FALSE
	EndGlobalSection
	GlobalSection(ProjectConfigurationPlatforms) = postSolution
		{1AF2A2D4-5A13-4A8D-9952-C76E7E2312D7}.Debug|Any CPU.ActiveCfg = Debug|Any CPU
		{1AF2A2D4-5A13-4A8D-9952-C76E7E2312D7}.Debug|Any CPU.Build.0 = Debug|Any CPU
		{1AF2A2D4-5A13-4A8D-9952-C76E7E2312D7}.Release|Any CPU.ActiveCfg = Release|Any CPU
		{1AF2A2D4-5A13-4A8D-9952-C76E7E2312D7}.Release|Any CPU.Build.0 = Release|Any CPU
		{A374916A-B23C-44A1-942F-5B67A9A5A796}.Debug|Any CPU.ActiveCfg = Debug|Any CPU
		{A374916A-B23C-44A1-942F-5B67A9A5A796}.Debug|Any CPU.Build.0 = Debug|Any CPU
		{A374916A-B23C-44A1-942F-5B67A9A5A796}.Release|Any CPU.ActiveCfg = Release|Any CPU
		{A374916A-B23C-44A1-942F-5B67A9A5A796}.Release|Any CPU.Build.0 = Release|Any CPU
	EndGlobalSection
EndGlobal
